
Microsoft Visual Studio Solution File, Format Version 12.00
# Visual Studio Version 17
VisualStudioVersion = 17.2.32526.322
MinimumVisualStudioVersion = 10.0.40219.1
Project("{FAE04EC0-301F-11D3-BF4B-00C04F79EFBC}") = "EducaTech", "EducaTech.csproj", "{16EEE5BB-D4B2-49F7-B79C-70A18251AE94}"
EndProject
Project("{2150E333-8FDC-42A3-9474-1A3956D46DE8}") = "Itens de Solução", "Itens de Solução", "{DC654AA8-30D2-422A-A761-59E9B107819A}"
	ProjectSection(SolutionItems) = preProject
		..\..\..\Imagens\turma.png = ..\..\..\Imagens\turma.png
	EndProjectSection
EndProject
Global
	GlobalSection(SolutionConfigurationPlatforms) = preSolution
		Debug|Any CPU = Debug|Any CPU
		Release|Any CPU = Release|Any CPU
	EndGlobalSection
	GlobalSection(ProjectConfigurationPlatforms) = postSolution
		{16EEE5BB-D4B2-49F7-B79C-70A18251AE94}.Debug|Any CPU.ActiveCfg = Debug|Any CPU
		{16EEE5BB-D4B2-49F7-B79C-70A18251AE94}.Debug|Any CPU.Build.0 = Debug|Any CPU
		{16EEE5BB-D4B2-49F7-B79C-70A18251AE94}.Release|Any CPU.ActiveCfg = Release|Any CPU
		{16EEE5BB-D4B2-49F7-B79C-70A18251AE94}.Release|Any CPU.Build.0 = Release|Any CPU
	EndGlobalSection
	GlobalSection(SolutionProperties) = preSolution
		HideSolutionNode = FALSE
	EndGlobalSection
	GlobalSection(ExtensibilityGlobals) = postSolution
		SolutionGuid = {7A4392E2-4354-42F7-BE2D-6267B1695849}
	EndGlobalSection
EndGlobal
